
Microsoft Visual Studio Solution File, Format Version 12.00
# Visual Studio Version 17
VisualStudioVersion = 17.10.35013.160
MinimumVisualStudioVersion = 10.0.40219.1
Project("{2150E333-8FDC-42A3-9474-1A3956D46DE8}") = "Solution Items", "Solution Items", "{90D90525-1A35-4586-87BC-43B902C7D9D4}"
	ProjectSection(SolutionItems) = preProject
		..\CHANGELOG.md = ..\CHANGELOG.md
		..\README.md = ..\README.md
		MicrosoftMVPProfileDataViewer\Scripts\RenameOutputDebug.ps1 = MicrosoftMVPProfileDataViewer\Scripts\RenameOutputDebug.ps1
		MicrosoftMVPProfileDataViewer\Scripts\RenameOutputRelease.ps1 = MicrosoftMVPProfileDataViewer\Scripts\RenameOutputRelease.ps1
	EndProjectSection
EndProject
Project("{FAE04EC0-301F-11D3-BF4B-00C04F79EFBC}") = "MicrosoftMVPProfileDataViewer", "MicrosoftMVPProfileDataViewer\MicrosoftMVPProfileDataViewer.csproj", "{0B77CF16-22DC-45F0-825F-61AD47B57037}"
EndProject
Global
	GlobalSection(SolutionConfigurationPlatforms) = preSolution
		Debug|Any CPU = Debug|Any CPU
		Release|Any CPU = Release|Any CPU
	EndGlobalSection
	GlobalSection(ProjectConfigurationPlatforms) = postSolution
		{0B77CF16-22DC-45F0-825F-61AD47B57037}.Debug|Any CPU.ActiveCfg = Debug|Any CPU
		{0B77CF16-22DC-45F0-825F-61AD47B57037}.Debug|Any CPU.Build.0 = Debug|Any CPU
		{0B77CF16-22DC-45F0-825F-61AD47B57037}.Release|Any CPU.ActiveCfg = Release|Any CPU
		{0B77CF16-22DC-45F0-825F-61AD47B57037}.Release|Any CPU.Build.0 = Release|Any CPU
	EndGlobalSection
	GlobalSection(SolutionProperties) = preSolution
		HideSolutionNode = FALSE
	EndGlobalSection
	GlobalSection(ExtensibilityGlobals) = postSolution
		SolutionGuid = {050C42EB-E031-4910-BF8A-C29EBB8EFDCE}
	EndGlobalSection
EndGlobal
